
Microsoft Visual Studio Solution File, Format Version 12.00
# Visual Studio Version 17
VisualStudioVersion = 17.5.33424.131
MinimumVisualStudioVersion = 10.0.40219.1
Project("{9A19103F-16F7-4668-BE54-9A1E7A4F7556}") = "QLK", "QLK.csproj", "{AE92C74E-30B3-4945-835D-7CCCE9997A94}"
EndProject
Global
	GlobalSection(SolutionConfigurationPlatforms) = preSolution
		Debug|Any CPU = Debug|Any CPU
		Release|Any CPU = Release|Any CPU
	EndGlobalSection
	GlobalSection(ProjectConfigurationPlatforms) = postSolution
		{AE92C74E-30B3-4945-835D-7CCCE9997A94}.Debug|Any CPU.ActiveCfg = Debug|Any CPU
		{AE92C74E-30B3-4945-835D-7CCCE9997A94}.Debug|Any CPU.Build.0 = Debug|Any CPU
		{AE92C74E-30B3-4945-835D-7CCCE9997A94}.Release|Any CPU.ActiveCfg = Release|Any CPU
		{AE92C74E-30B3-4945-835D-7CCCE9997A94}.Release|Any CPU.Build.0 = Release|Any CPU
	EndGlobalSection
	GlobalSection(SolutionProperties) = preSolution
		HideSolutionNode = FALSE
	EndGlobalSection
	GlobalSection(ExtensibilityGlobals) = postSolution
		SolutionGuid = {CAA2060F-C051-4C2D-A38F-146986004151}
	EndGlobalSection
EndGlobal
